// !$*UTF8*$!
{
	archiveVersion = 1;
	classes = {};
	objectVersion = 56;
	objects = {

/* Begin PBXBuildFile section */
		A10000000000000000000101 /* AppModels.swift in Sources */ = {isa = PBXBuildFile; fileRef = A10000000000000000000201; };
		A10000000000000000000102 /* ContractValidation.swift in Sources */ = {isa = PBXBuildFile; fileRef = A10000000000000000000202; };
		A10000000000000000000103 /* BuildManager.swift in Sources */ = {isa = PBXBuildFile; fileRef = A10000000000000000000203; };
		A10000000000000000000104 /* LocalSchemeHandler.swift in Sources */ = {isa = PBXBuildFile; fileRef = A10000000000000000000204; };
		A10000000000000000000105 /* DiagnosticLog.swift in Sources */ = {isa = PBXBuildFile; fileRef = A10000000000000000000205; };
		A10000000000000000000106 /* EngineHost.swift in Sources */ = {isa = PBXBuildFile; fileRef = A10000000000000000000206; };
		A10000000000000000000107 /* DiagnosticsService.swift in Sources */ = {isa = PBXBuildFile; fileRef = A10000000000000000000207; };
		A10000000000000000000108 /* BridgeDispatcher.swift in Sources */ = {isa = PBXBuildFile; fileRef = A10000000000000000000208; };
		A10000000000000000000109 /* WebHost.swift in Sources */ = {isa = PBXBuildFile; fileRef = A10000000000000000000209; };
		A1000000000000000000010A /* WorkoutAnalyzeApp.swift in Sources */ = {isa = PBXBuildFile; fileRef = A1000000000000000000020A; };
		A1000000000000000000010B /* BundledBuild in Resources */ = {isa = PBXBuildFile; fileRef = A1000000000000000000020B; };
		A1000000000000000000010C /* ContractValidationTests.swift in Sources */ = {isa = PBXBuildFile; fileRef = A1000000000000000000020C; };
		A1000000000000000000010D /* BundledBuild in Resources */ = {isa = PBXBuildFile; fileRef = A1000000000000000000020B; };
		A1000000000000000000010E /* SensorService.swift in Sources */ = {isa = PBXBuildFile; fileRef = A1000000000000000000020F; };
/* End PBXBuildFile section */

/* Begin PBXContainerItemProxy section */
		A10000000000000000000401 = {isa = PBXContainerItemProxy; containerPortal = A10000000000000000000601; proxyType = 1; remoteGlobalIDString = A10000000000000000000501; remoteInfo = WorkoutAnalyze; };
/* End PBXContainerItemProxy section */

/* Begin PBXFileReference section */
		A10000000000000000000201 = {isa = PBXFileReference; lastKnownFileType = sourcecode.swift; path = AppModels.swift; sourceTree = "<group>"; };
		A10000000000000000000202 = {isa = PBXFileReference; lastKnownFileType = sourcecode.swift; path = ContractValidation.swift; sourceTree = "<group>"; };
		A10000000000000000000203 = {isa = PBXFileReference; lastKnownFileType = sourcecode.swift; path = BuildManager.swift; sourceTree = "<group>"; };
		A10000000000000000000204 = {isa = PBXFileReference; lastKnownFileType = sourcecode.swift; path = LocalSchemeHandler.swift; sourceTree = "<group>"; };
		A10000000000000000000205 = {isa = PBXFileReference; lastKnownFileType = sourcecode.swift; path = DiagnosticLog.swift; sourceTree = "<group>"; };
		A10000000000000000000206 = {isa = PBXFileReference; lastKnownFileType = sourcecode.swift; path = EngineHost.swift; sourceTree = "<group>"; };
		A10000000000000000000207 = {isa = PBXFileReference; lastKnownFileType = sourcecode.swift; path = DiagnosticsService.swift; sourceTree = "<group>"; };
		A10000000000000000000208 = {isa = PBXFileReference; lastKnownFileType = sourcecode.swift; path = BridgeDispatcher.swift; sourceTree = "<group>"; };
		A10000000000000000000209 = {isa = PBXFileReference; lastKnownFileType = sourcecode.swift; path = WebHost.swift; sourceTree = "<group>"; };
		A1000000000000000000020A = {isa = PBXFileReference; lastKnownFileType = sourcecode.swift; path = WorkoutAnalyzeApp.swift; sourceTree = "<group>"; };
		A1000000000000000000020B = {isa = PBXFileReference; lastKnownFileType = folder; path = BundledBuild; sourceTree = "<group>"; };
		A1000000000000000000020C = {isa = PBXFileReference; lastKnownFileType = sourcecode.swift; path = ContractValidationTests.swift; sourceTree = "<group>"; };
		A1000000000000000000020D = {isa = PBXFileReference; explicitFileType = wrapper.application; path = WorkoutAnalyze.app; sourceTree = BUILT_PRODUCTS_DIR; };
		A1000000000000000000020E = {isa = PBXFileReference; explicitFileType = wrapper.cfbundle; path = WorkoutAnalyzeTests.xctest; sourceTree = BUILT_PRODUCTS_DIR; };
		A1000000000000000000020F = {isa = PBXFileReference; lastKnownFileType = sourcecode.swift; path = SensorService.swift; sourceTree = "<group>"; };
/* End PBXFileReference section */

/* Begin PBXFrameworksBuildPhase section */
		A10000000000000000000301 = {isa = PBXFrameworksBuildPhase; buildActionMask = 2147483647; files = (); runOnlyForDeploymentPostprocessing = 0; };
		A10000000000000000000302 = {isa = PBXFrameworksBuildPhase; buildActionMask = 2147483647; files = (); runOnlyForDeploymentPostprocessing = 0; };
/* End PBXFrameworksBuildPhase section */

/* Begin PBXGroup section */
		A10000000000000000000701 = {isa = PBXGroup; children = (A10000000000000000000702, A10000000000000000000703, A10000000000000000000704, A10000000000000000000705); sourceTree = "<group>"; };
		A10000000000000000000702 = {isa = PBXGroup; children = (A10000000000000000000201, A10000000000000000000202, A10000000000000000000203, A10000000000000000000204, A10000000000000000000205, A10000000000000000000206, A10000000000000000000207, A10000000000000000000208, A10000000000000000000209, A1000000000000000000020A, A1000000000000000000020F); path = WorkoutAnalyze; sourceTree = "<group>"; };
		A10000000000000000000703 = {isa = PBXGroup; children = (A1000000000000000000020B); path = Resources; sourceTree = "<group>"; };
		A10000000000000000000704 = {isa = PBXGroup; children = (A1000000000000000000020C); path = WorkoutAnalyzeTests; sourceTree = "<group>"; };
		A10000000000000000000705 = {isa = PBXGroup; children = (A1000000000000000000020D, A1000000000000000000020E); name = Products; sourceTree = "<group>"; };
/* End PBXGroup section */

/* Begin PBXNativeTarget section */
		A10000000000000000000501 = {isa = PBXNativeTarget; buildConfigurationList = A10000000000000000000802; buildPhases = (A10000000000000000000311, A10000000000000000000301, A10000000000000000000312, A10000000000000000000314); buildRules = (); dependencies = (); name = WorkoutAnalyze; productName = WorkoutAnalyze; productReference = A1000000000000000000020D; productType = "com.apple.product-type.application"; };
		A10000000000000000000502 = {isa = PBXNativeTarget; buildConfigurationList = A10000000000000000000803; buildPhases = (A10000000000000000000313, A10000000000000000000302, A10000000000000000000315); buildRules = (); dependencies = (A10000000000000000000402); name = WorkoutAnalyzeTests; productName = WorkoutAnalyzeTests; productReference = A1000000000000000000020E; productType = "com.apple.product-type.bundle.unit-test"; };
/* End PBXNativeTarget section */

/* Begin PBXProject section */
		A10000000000000000000601 = {isa = PBXProject; attributes = {BuildIndependentTargetsInParallel = YES; LastSwiftUpdateCheck = 2700; LastUpgradeCheck = 2700; TargetAttributes = {A10000000000000000000501 = {CreatedOnToolsVersion = 27.0; DevelopmentTeam = 5XY88U4278; }; A10000000000000000000502 = {CreatedOnToolsVersion = 27.0; }; }; }; buildConfigurationList = A10000000000000000000801; compatibilityVersion = "Xcode 14.0"; developmentRegion = en; hasScannedForEncodings = 0; knownRegions = (en, Base); mainGroup = A10000000000000000000701; productRefGroup = A10000000000000000000705; projectDirPath = ""; projectRoot = ""; targets = (A10000000000000000000501, A10000000000000000000502); };
/* End PBXProject section */

/* Begin PBXResourcesBuildPhase section */
		A10000000000000000000312 = {isa = PBXResourcesBuildPhase; buildActionMask = 2147483647; files = (A1000000000000000000010B); runOnlyForDeploymentPostprocessing = 0; };
		A10000000000000000000315 = {isa = PBXResourcesBuildPhase; buildActionMask = 2147483647; files = (A1000000000000000000010D); runOnlyForDeploymentPostprocessing = 0; };
/* End PBXResourcesBuildPhase section */

/* Begin PBXShellScriptBuildPhase section */
		A10000000000000000000314 = {isa = PBXShellScriptBuildPhase; alwaysOutOfDate = 1; buildActionMask = 2147483647; files = (); inputPaths = (); name = "Use mobile artifact when available"; outputPaths = (); runOnlyForDeploymentPostprocessing = 0; shellPath = /bin/sh; shellScript = "set -eu\nSOURCE=\"$SRCROOT/../mobile/dist\"\nDESTINATION=\"$TARGET_BUILD_DIR/$UNLOCALIZED_RESOURCES_FOLDER_PATH/BundledBuild\"\nif [ -f \"$SOURCE/manifest.json\" ]; then\n  rm -rf \"$DESTINATION\"\n  ditto \"$SOURCE\" \"$DESTINATION\"\n  echo \"Using mobile/dist bundled artifact\"\nelse\n  echo \"mobile/dist absent; preserving native fallback artifact\"\nfi\n"; };
/* End PBXShellScriptBuildPhase section */

/* Begin PBXSourcesBuildPhase section */
		A10000000000000000000311 = {isa = PBXSourcesBuildPhase; buildActionMask = 2147483647; files = (A10000000000000000000101, A10000000000000000000102, A10000000000000000000103, A10000000000000000000104, A10000000000000000000105, A10000000000000000000106, A10000000000000000000107, A10000000000000000000108, A10000000000000000000109, A1000000000000000000010A, A1000000000000000000010E); runOnlyForDeploymentPostprocessing = 0; };
		A10000000000000000000313 = {isa = PBXSourcesBuildPhase; buildActionMask = 2147483647; files = (A1000000000000000000010C); runOnlyForDeploymentPostprocessing = 0; };
/* End PBXSourcesBuildPhase section */

/* Begin PBXTargetDependency section */
		A10000000000000000000402 = {isa = PBXTargetDependency; target = A10000000000000000000501; targetProxy = A10000000000000000000401; };
/* End PBXTargetDependency section */

/* Begin XCBuildConfiguration section */
		A10000000000000000000901 = {isa = XCBuildConfiguration; buildSettings = {CLANG_ENABLE_MODULES = YES; IPHONEOS_DEPLOYMENT_TARGET = 17.0; SDKROOT = iphoneos; SWIFT_VERSION = 6.0; }; name = Debug; };
		A10000000000000000000902 = {isa = XCBuildConfiguration; buildSettings = {CLANG_ENABLE_MODULES = YES; IPHONEOS_DEPLOYMENT_TARGET = 17.0; SDKROOT = iphoneos; SWIFT_VERSION = 6.0; }; name = Release; };
		A10000000000000000000903 = {isa = XCBuildConfiguration; buildSettings = {ASSETCATALOG_COMPILER_GENERATE_SWIFT_ASSET_SYMBOL_EXTENSIONS = YES; CODE_SIGN_STYLE = Automatic; CURRENT_PROJECT_VERSION = 1; DEVELOPMENT_TEAM = 5XY88U4278; ENABLE_TESTABILITY = YES; ENABLE_USER_SCRIPT_SANDBOXING = NO; GENERATE_INFOPLIST_FILE = NO; INFOPLIST_FILE = WorkoutAnalyze/Info.plist; MARKETING_VERSION = 0.1.0; PRODUCT_BUNDLE_IDENTIFIER = com.kkrausse.workoutanalyze; PRODUCT_NAME = WorkoutAnalyze; SUPPORTED_PLATFORMS = "iphoneos iphonesimulator"; SUPPORTS_MACCATALYST = NO; SWIFT_EMIT_LOC_STRINGS = YES; SWIFT_OPTIMIZATION_LEVEL = "-Onone"; TARGETED_DEVICE_FAMILY = 1; }; name = Debug; };
		A10000000000000000000904 = {isa = XCBuildConfiguration; buildSettings = {ASSETCATALOG_COMPILER_GENERATE_SWIFT_ASSET_SYMBOL_EXTENSIONS = YES; CODE_SIGN_STYLE = Automatic; CURRENT_PROJECT_VERSION = 1; DEVELOPMENT_TEAM = 5XY88U4278; ENABLE_USER_SCRIPT_SANDBOXING = NO; GENERATE_INFOPLIST_FILE = NO; INFOPLIST_FILE = WorkoutAnalyze/Info.plist; MARKETING_VERSION = 0.1.0; PRODUCT_BUNDLE_IDENTIFIER = com.kkrausse.workoutanalyze; PRODUCT_NAME = WorkoutAnalyze; SUPPORTED_PLATFORMS = "iphoneos iphonesimulator"; SUPPORTS_MACCATALYST = NO; SWIFT_EMIT_LOC_STRINGS = YES; TARGETED_DEVICE_FAMILY = 1; }; name = Release; };
		A10000000000000000000905 = {isa = XCBuildConfiguration; buildSettings = {BUNDLE_LOADER = "$(TEST_HOST)"; CODE_SIGN_STYLE = Automatic; DEVELOPMENT_TEAM = 5XY88U4278; GENERATE_INFOPLIST_FILE = YES; PRODUCT_BUNDLE_IDENTIFIER = com.kkrausse.workoutanalyze.tests; PRODUCT_NAME = "$(TARGET_NAME)"; SWIFT_VERSION = 6.0; TARGETED_DEVICE_FAMILY = 1; TEST_HOST = "$(BUILT_PRODUCTS_DIR)/WorkoutAnalyze.app/WorkoutAnalyze"; }; name = Debug; };
		A10000000000000000000906 = {isa = XCBuildConfiguration; buildSettings = {BUNDLE_LOADER = "$(TEST_HOST)"; CODE_SIGN_STYLE = Automatic; DEVELOPMENT_TEAM = 5XY88U4278; GENERATE_INFOPLIST_FILE = YES; PRODUCT_BUNDLE_IDENTIFIER = com.kkrausse.workoutanalyze.tests; PRODUCT_NAME = "$(TARGET_NAME)"; SWIFT_VERSION = 6.0; TARGETED_DEVICE_FAMILY = 1; TEST_HOST = "$(BUILT_PRODUCTS_DIR)/WorkoutAnalyze.app/WorkoutAnalyze"; }; name = Release; };
/* End XCBuildConfiguration section */

/* Begin XCConfigurationList section */
		A10000000000000000000801 = {isa = XCConfigurationList; buildConfigurations = (A10000000000000000000901, A10000000000000000000902); defaultConfigurationIsVisible = 0; defaultConfigurationName = Release; };
		A10000000000000000000802 = {isa = XCConfigurationList; buildConfigurations = (A10000000000000000000903, A10000000000000000000904); defaultConfigurationIsVisible = 0; defaultConfigurationName = Release; };
		A10000000000000000000803 = {isa = XCConfigurationList; buildConfigurations = (A10000000000000000000905, A10000000000000000000906); defaultConfigurationIsVisible = 0; defaultConfigurationName = Release; };
/* End XCConfigurationList section */
	};
	rootObject = A10000000000000000000601;
}
