// !$*UTF8*$!
{
	archiveVersion = 1;
	classes = {
	};
	objectVersion = 77;
	objects = {

/* Begin PBXBuildFile section */
		A00000000000000000000001 /* SMBClient in Frameworks */ = {isa = PBXBuildFile; productRef = A00000000000000000000003 /* SMBClient */; };
/* End PBXBuildFile section */

/* Begin PBXContainerItemProxy section */
		CEAB31AA300D25C30024FB8E /* PBXContainerItemProxy */ = {
			isa = PBXContainerItemProxy;
			containerPortal = CEAB3191300D25C30024FB8E /* Project object */;
			proxyType = 1;
			remoteGlobalIDString = CEAB3198300D25C30024FB8E;
			remoteInfo = picsync;
		};
		CEAB31B4300D25C30024FB8E /* PBXContainerItemProxy */ = {
			isa = PBXContainerItemProxy;
			containerPortal = CEAB3191300D25C30024FB8E /* Project object */;
			proxyType = 1;
			remoteGlobalIDString = CEAB3198300D25C30024FB8E;
			remoteInfo = picsync;
		};
/* End PBXContainerItemProxy section */

/* Begin PBXFileReference section */
		CEAB3199300D25C30024FB8E /* picsync.app */ = {isa = PBXFileReference; explicitFileType = wrapper.application; includeInIndex = 0; path = picsync.app; sourceTree = BUILT_PRODUCTS_DIR; };
		CEAB31A9300D25C30024FB8E /* picsyncTests.xctest */ = {isa = PBXFileReference; explicitFileType = wrapper.cfbundle; includeInIndex = 0; path = picsyncTests.xctest; sourceTree = BUILT_PRODUCTS_DIR; };
		CEAB31B3300D25C30024FB8E /* picsyncUITests.xctest */ = {isa = PBXFileReference; explicitFileType = wrapper.cfbundle; includeInIndex = 0; path = picsyncUITests.xctest; sourceTree = BUILT_PRODUCTS_DIR; };
/* End PBXFileReference section */

/* Begin PBXFileSystemSynchronizedRootGroup section */
		CEAB319B300D25C30024FB8E /* picsync */ = {
			isa = PBXFileSystemSynchronizedRootGroup;
			path = picsync;
			sourceTree = "<group>";
		};
		CEAB31AC300D25C30024FB8E /* picsyncTests */ = {
			isa = PBXFileSystemSynchronizedRootGroup;
			path = picsyncTests;
			sourceTree = "<group>";
		};
		CEAB31B6300D25C30024FB8E /* picsyncUITests */ = {
			isa = PBXFileSystemSynchronizedRootGroup;
			path = picsyncUITests;
			sourceTree = "<group>";
		};
/* End PBXFileSystemSynchronizedRootGroup section */

/* Begin PBXFrameworksBuildPhase section */
		CEAB3196300D25C30024FB8E /* Frameworks */ = {
			isa = PBXFrameworksBuildPhase;
			buildActionMask = 2147483647;
			files = (
				A00000000000000000000001 /* SMBClient in Frameworks */,
			);
			runOnlyForDeploymentPostprocessing = 0;
		};
		CEAB31A6300D25C30024FB8E /* Frameworks */ = {
			isa = PBXFrameworksBuildPhase;
			buildActionMask = 2147483647;
			files = (
			);
			runOnlyForDeploymentPostprocessing = 0;
		};
		CEAB31B0300D25C30024FB8E /* Frameworks */ = {
			isa = PBXFrameworksBuildPhase;
			buildActionMask = 2147483647;
			files = (
			);
			runOnlyForDeploymentPostprocessing = 0;
		};
/* End PBXFrameworksBuildPhase section */

/* Begin PBXGroup section */
		CEAB3190300D25C30024FB8E = {
			isa = PBXGroup;
			children = (
				CEAB319B300D25C30024FB8E /* picsync */,
				CEAB31AC300D25C30024FB8E /* picsyncTests */,
				CEAB31B6300D25C30024FB8E /* picsyncUITests */,
				CEAB319A300D25C30024FB8E /* Products */,
			);
			sourceTree = "<group>";
		};
		CEAB319A300D25C30024FB8E /* Products */ = {
			isa = PBXGroup;
			children = (
				CEAB3199300D25C30024FB8E /* picsync.app */,
				CEAB31A9300D25C30024FB8E /* picsyncTests.xctest */,
				CEAB31B3300D25C30024FB8E /* picsyncUITests.xctest */,
			);
			name = Products;
			sourceTree = "<group>";
		};
/* End PBXGroup section */

/* Begin PBXNativeTarget section */
		CEAB3198300D25C30024FB8E /* picsync */ = {
			isa = PBXNativeTarget;
			buildConfigurationList = CEAB31BD300D25C30024FB8E /* Build configuration list for PBXNativeTarget "picsync" */;
			buildPhases = (
				CEAB3195300D25C30024FB8E /* Sources */,
				CEAB3196300D25C30024FB8E /* Frameworks */,
				CEAB3197300D25C30024FB8E /* Resources */,
			);
			buildRules = (
			);
			dependencies = (
			);
			fileSystemSynchronizedGroups = (
				CEAB319B300D25C30024FB8E /* picsync */,
			);
			name = picsync;
			packageProductDependencies = (
				A00000000000000000000003 /* SMBClient */,
			);
			productName = picsync;
			productReference = CEAB3199300D25C30024FB8E /* picsync.app */;
			productType = "com.apple.product-type.application";
		};
		CEAB31A8300D25C30024FB8E /* picsyncTests */ = {
			isa = PBXNativeTarget;
			buildConfigurationList = CEAB31C0300D25C30024FB8E /* Build configuration list for PBXNativeTarget "picsyncTests" */;
			buildPhases = (
				CEAB31A5300D25C30024FB8E /* Sources */,
				CEAB31A6300D25C30024FB8E /* Frameworks */,
				CEAB31A7300D25C30024FB8E /* Resources */,
			);
			buildRules = (
			);
			dependencies = (
				CEAB31AB300D25C30024FB8E /* PBXTargetDependency */,
			);
			fileSystemSynchronizedGroups = (
				CEAB31AC300D25C30024FB8E /* picsyncTests */,
			);
			name = picsyncTests;
			packageProductDependencies = (
			);
			productName = picsyncTests;
			productReference = CEAB31A9300D25C30024FB8E /* picsyncTests.xctest */;
			productType = "com.apple.product-type.bundle.unit-test";
		};
		CEAB31B2300D25C30024FB8E /* picsyncUITests */ = {
			isa = PBXNativeTarget;
			buildConfigurationList = CEAB31C3300D25C30024FB8E /* Build configuration list for PBXNativeTarget "picsyncUITests" */;
			buildPhases = (
				CEAB31AF300D25C30024FB8E /* Sources */,
				CEAB31B0300D25C30024FB8E /* Frameworks */,
				CEAB31B1300D25C30024FB8E /* Resources */,
			);
			buildRules = (
			);
			dependencies = (
				CEAB31B5300D25C30024FB8E /* PBXTargetDependency */,
			);
			fileSystemSynchronizedGroups = (
				CEAB31B6300D25C30024FB8E /* picsyncUITests */,
			);
			name = picsyncUITests;
			packageProductDependencies = (
			);
			productName = picsyncUITests;
			productReference = CEAB31B3300D25C30024FB8E /* picsyncUITests.xctest */;
			productType = "com.apple.product-type.bundle.ui-testing";
		};
/* End PBXNativeTarget section */

/* Begin PBXProject section */
		CEAB3191300D25C30024FB8E /* Project object */ = {
			isa = PBXProject;
			attributes = {
				BuildIndependentTargetsInParallel = 1;
				LastSwiftUpdateCheck = 1620;
				LastUpgradeCheck = 1620;
				TargetAttributes = {
					CEAB3198300D25C30024FB8E = {
						CreatedOnToolsVersion = 16.2;
					};
					CEAB31A8300D25C30024FB8E = {
						CreatedOnToolsVersion = 16.2;
						TestTargetID = CEAB3198300D25C30024FB8E;
					};
					CEAB31B2300D25C30024FB8E = {
						CreatedOnToolsVersion = 16.2;
						TestTargetID = CEAB3198300D25C30024FB8E;
					};
				};
			};
			buildConfigurationList = CEAB3194300D25C30024FB8E /* Build configuration list for PBXProject "picsync" */;
			developmentRegion = en;
			hasScannedForEncodings = 0;
			knownRegions = (
				en,
				Base,
			);
			mainGroup = CEAB3190300D25C30024FB8E;
			minimizedProjectReferenceProxies = 1;
			preferredProjectObjectVersion = 77;
			productRefGroup = CEAB319A300D25C30024FB8E /* Products */;
			projectDirPath = "";
			projectRoot = "";
			packageReferences = (
				A00000000000000000000002 /* XCLocalSwiftPackageReference "vendor/SMBClient" */,
			);
			targets = (
				CEAB3198300D25C30024FB8E /* picsync */,
				CEAB31A8300D25C30024FB8E /* picsyncTests */,
				CEAB31B2300D25C30024FB8E /* picsyncUITests */,
			);
		};
/* End PBXProject section */

/* Begin XCLocalSwiftPackageReference section */
		A00000000000000000000002 /* XCLocalSwiftPackageReference "vendor/SMBClient" */ = {
			isa = XCLocalSwiftPackageReference;
			relativePath = vendor/SMBClient;
		};
/* End XCLocalSwiftPackageReference section */

/* Begin XCSwiftPackageProductDependency section */
		A00000000000000000000003 /* SMBClient */ = {
			isa = XCSwiftPackageProductDependency;
			package = A00000000000000000000002 /* XCLocalSwiftPackageReference "vendor/SMBClient" */;
			productName = SMBClient;
		};
/* End XCSwiftPackageProductDependency section */

/* Begin PBXResourcesBuildPhase section */
		CEAB3197300D25C30024FB8E /* Resources */ = {
			isa = PBXResourcesBuildPhase;
			buildActionMask = 2147483647;
			files = (
			);
			runOnlyForDeploymentPostprocessing = 0;
		};
		CEAB31A7300D25C30024FB8E /* Resources */ = {
			isa = PBXResourcesBuildPhase;
			buildActionMask = 2147483647;
			files = (
			);
			runOnlyForDeploymentPostprocessing = 0;
		};
		CEAB31B1300D25C30024FB8E /* Resources */ = {
			isa = PBXResourcesBuildPhase;
			buildActionMask = 2147483647;
			files = (
			);
			runOnlyForDeploymentPostprocessing = 0;
		};
/* End PBXResourcesBuildPhase section */

/* Begin PBXSourcesBuildPhase section */
		CEAB3195300D25C30024FB8E /* Sources */ = {
			isa = PBXSourcesBuildPhase;
			buildActionMask = 2147483647;
			files = (
			);
			runOnlyForDeploymentPostprocessing = 0;
		};
		CEAB31A5300D25C30024FB8E /* Sources */ = {
			isa = PBXSourcesBuildPhase;
			buildActionMask = 2147483647;
			files = (
			);
			runOnlyForDeploymentPostprocessing = 0;
		};
		CEAB31AF300D25C30024FB8E /* Sources */ = {
			isa = PBXSourcesBuildPhase;
			buildActionMask = 2147483647;
			files = (
			);
			runOnlyForDeploymentPostprocessing = 0;
		};
/* End PBXSourcesBuildPhase section */

/* Begin PBXTargetDependency section */
		CEAB31AB300D25C30024FB8E /* PBXTargetDependency */ = {
			isa = PBXTargetDependency;
			target = CEAB3198300D25C30024FB8E /* picsync */;
			targetProxy = CEAB31AA300D25C30024FB8E /* PBXContainerItemProxy */;
		};
		CEAB31B5300D25C30024FB8E /* PBXTargetDependency */ = {
			isa = PBXTargetDependency;
			target = CEAB3198300D25C30024FB8E /* picsync */;
			targetProxy = CEAB31B4300D25C30024FB8E /* PBXContainerItemProxy */;
		};
/* End PBXTargetDependency section */

/* Begin XCBuildConfiguration section */
		CEAB31BB300D25C30024FB8E /* Debug */ = {
			isa = XCBuildConfiguration;
			buildSettings = {
				ALWAYS_SEARCH_USER_PATHS = NO;
				ASSETCATALOG_COMPILER_GENERATE_SWIFT_ASSET_SYMBOL_EXTENSIONS = YES;
				CLANG_ANALYZER_NONNULL = YES;
				CLANG_ANALYZER_NUMBER_OBJECT_CONVERSION = YES_AGGRESSIVE;
				CLANG_CXX_LANGUAGE_STANDARD = "gnu++20";
				CLANG_ENABLE_MODULES = YES;
				CLANG_ENABLE_OBJC_ARC = YES;
				CLANG_ENABLE_OBJC_WEAK = YES;
				CLANG_WARN_BLOCK_CAPTURE_AUTORELEASING = YES;
				CLANG_WARN_BOOL_CONVERSION = YES;
				CLANG_WARN_COMMA = YES;
				CLANG_WARN_CONSTANT_CONVERSION = YES;
				CLANG_WARN_DEPRECATED_OBJC_IMPLEMENTATIONS = YES;
				CLANG_WARN_DIRECT_OBJC_ISA_USAGE = YES_ERROR;
				CLANG_WARN_DOCUMENTATION_COMMENTS = YES;
				CLANG_WARN_EMPTY_BODY = YES;
				CLANG_WARN_ENUM_CONVERSION = YES;
				CLANG_WARN_INFINITE_RECURSION = YES;
				CLANG_WARN_INT_CONVERSION = YES;
				CLANG_WARN_NON_LITERAL_NULL_CONVERSION = YES;
				CLANG_WARN_OBJC_IMPLICIT_RETAIN_SELF = YES;
				CLANG_WARN_OBJC_LITERAL_CONVERSION = YES;
				CLANG_WARN_OBJC_ROOT_CLASS = YES_ERROR;
				CLANG_WARN_QUOTED_INCLUDE_IN_FRAMEWORK_HEADER = YES;
				CLANG_WARN_RANGE_LOOP_ANALYSIS = YES;
				CLANG_WARN_STRICT_PROTOTYPES = YES;
				CLANG_WARN_SUSPICIOUS_MOVE = YES;
				CLANG_WARN_UNGUARDED_AVAILABILITY = YES_AGGRESSIVE;
				CLANG_WARN_UNREACHABLE_CODE = YES;
				CLANG_WARN__DUPLICATE_METHOD_MATCH = YES;
				COPY_PHASE_STRIP = NO;
				DEBUG_INFORMATION_FORMAT = dwarf;
				ENABLE_STRICT_OBJC_MSGSEND = YES;
				ENABLE_TESTABILITY = YES;
				ENABLE_USER_SCRIPT_SANDBOXING = YES;
				GCC_C_LANGUAGE_STANDARD = gnu17;
				GCC_DYNAMIC_NO_PIC = NO;
				GCC_NO_COMMON_BLOCKS = YES;
				GCC_OPTIMIZATION_LEVEL = 0;
				GCC_PREPROCESSOR_DEFINITIONS = (
					"DEBUG=1",
					"$(inherited)",
				);
				GCC_WARN_64_TO_32_BIT_CONVERSION = YES;
				GCC_WARN_ABOUT_RETURN_TYPE = YES_ERROR;
				GCC_WARN_UNDECLARED_SELECTOR = YES;
				GCC_WARN_UNINITIALIZED_AUTOS = YES_AGGRESSIVE;
				GCC_WARN_UNUSED_FUNCTION = YES;
				GCC_WARN_UNUSED_VARIABLE = YES;
				IPHONEOS_DEPLOYMENT_TARGET = 18.2;
				LOCALIZATION_PREFERS_STRING_CATALOGS = YES;
				MTL_ENABLE_DEBUG_INFO = INCLUDE_SOURCE;
				MTL_FAST_MATH = YES;
				ONLY_ACTIVE_ARCH = YES;
				SDKROOT = iphoneos;
				SWIFT_ACTIVE_COMPILATION_CONDITIONS = "DEBUG $(inherited)";
				SWIFT_OPTIMIZATION_LEVEL = "-Onone";
			};
			name = Debug;
		};
		CEAB31BC300D25C30024FB8E /* Release */ = {
			isa = XCBuildConfiguration;
			buildSettings = {
				ALWAYS_SEARCH_USER_PATHS = NO;
				ASSETCATALOG_COMPILER_GENERATE_SWIFT_ASSET_SYMBOL_EXTENSIONS = YES;
				CLANG_ANALYZER_NONNULL = YES;
				CLANG_ANALYZER_NUMBER_OBJECT_CONVERSION = YES_AGGRESSIVE;
				CLANG_CXX_LANGUAGE_STANDARD = "gnu++20";
				CLANG_ENABLE_MODULES = YES;
				CLANG_ENABLE_OBJC_ARC = YES;
				CLANG_ENABLE_OBJC_WEAK = YES;
				CLANG_WARN_BLOCK_CAPTURE_AUTORELEASING = YES;
				CLANG_WARN_BOOL_CONVERSION = YES;
				CLANG_WARN_COMMA = YES;
				CLANG_WARN_CONSTANT_CONVERSION = YES;
				CLANG_WARN_DEPRECATED_OBJC_IMPLEMENTATIONS = YES;
				CLANG_WARN_DIRECT_OBJC_ISA_USAGE = YES_ERROR;
				CLANG_WARN_DOCUMENTATION_COMMENTS = YES;
				CLANG_WARN_EMPTY_BODY = YES;
				CLANG_WARN_ENUM_CONVERSION = YES;
				CLANG_WARN_INFINITE_RECURSION = YES;
				CLANG_WARN_INT_CONVERSION = YES;
				CLANG_WARN_NON_LITERAL_NULL_CONVERSION = YES;
				CLANG_WARN_OBJC_IMPLICIT_RETAIN_SELF = YES;
				CLANG_WARN_OBJC_LITERAL_CONVERSION = YES;
				CLANG_WARN_OBJC_ROOT_CLASS = YES_ERROR;
				CLANG_WARN_QUOTED_INCLUDE_IN_FRAMEWORK_HEADER = YES;
				CLANG_WARN_RANGE_LOOP_ANALYSIS = YES;
				CLANG_WARN_STRICT_PROTOTYPES = YES;
				CLANG_WARN_SUSPICIOUS_MOVE = YES;
				CLANG_WARN_UNGUARDED_AVAILABILITY = YES_AGGRESSIVE;
				CLANG_WARN_UNREACHABLE_CODE = YES;
				CLANG_WARN__DUPLICATE_METHOD_MATCH = YES;
				COPY_PHASE_STRIP = NO;
				DEBUG_INFORMATION_FORMAT = "dwarf-with-dsym";
				ENABLE_NS_ASSERTIONS = NO;
				ENABLE_STRICT_OBJC_MSGSEND = YES;
				ENABLE_USER_SCRIPT_SANDBOXING = YES;
				GCC_C_LANGUAGE_STANDARD = gnu17;
				GCC_NO_COMMON_BLOCKS = YES;
				GCC_WARN_64_TO_32_BIT_CONVERSION = YES;
				GCC_WARN_ABOUT_RETURN_TYPE = YES_ERROR;
				GCC_WARN_UNDECLARED_SELECTOR = YES;
				GCC_WARN_UNINITIALIZED_AUTOS = YES_AGGRESSIVE;
				GCC_WARN_UNUSED_FUNCTION = YES;
				GCC_WARN_UNUSED_VARIABLE = YES;
				IPHONEOS_DEPLOYMENT_TARGET = 18.2;
				LOCALIZATION_PREFERS_STRING_CATALOGS = YES;
				MTL_ENABLE_DEBUG_INFO = NO;
				MTL_FAST_MATH = YES;
				SDKROOT = iphoneos;
				SWIFT_COMPILATION_MODE = wholemodule;
				VALIDATE_PRODUCT = YES;
			};
			name = Release;
		};
		CEAB31BE300D25C30024FB8E /* Debug */ = {
			isa = XCBuildConfiguration;
			buildSettings = {
				ASSETCATALOG_COMPILER_APPICON_NAME = AppIcon;
				ASSETCATALOG_COMPILER_GLOBAL_ACCENT_COLOR_NAME = AccentColor;
				CODE_SIGN_STYLE = Automatic;
				CURRENT_PROJECT_VERSION = 1;
				DEVELOPMENT_ASSET_PATHS = "\"picsync/Preview Content\"";
				DEVELOPMENT_TEAM = "";
				ENABLE_PREVIEWS = YES;
				GENERATE_INFOPLIST_FILE = YES;
				INFOPLIST_KEY_NSLocalNetworkUsageDescription = "PicSync connects to your SMB server on the local network to copy original photos and videos.";
				INFOPLIST_KEY_NSPhotoLibraryUsageDescription = "PicSync reads the photos and videos you select so it can copy their original resources to your SMB server.";
				INFOPLIST_KEY_UIApplicationSceneManifest_Generation = YES;
				INFOPLIST_KEY_UIApplicationSupportsIndirectInputEvents = YES;
				INFOPLIST_KEY_UILaunchScreen_Generation = YES;
				INFOPLIST_KEY_UISupportedInterfaceOrientations_iPad = "UIInterfaceOrientationPortrait UIInterfaceOrientationPortraitUpsideDown UIInterfaceOrientationLandscapeLeft UIInterfaceOrientationLandscapeRight";
				INFOPLIST_KEY_UISupportedInterfaceOrientations_iPhone = "UIInterfaceOrientationPortrait UIInterfaceOrientationLandscapeLeft UIInterfaceOrientationLandscapeRight";
				LD_RUNPATH_SEARCH_PATHS = (
					"$(inherited)",
					"@executable_path/Frameworks",
				);
				MARKETING_VERSION = 1.0;
				PRODUCT_BUNDLE_IDENTIFIER = com.example.picsync;
				PRODUCT_NAME = "$(TARGET_NAME)";
				SWIFT_EMIT_LOC_STRINGS = YES;
				SWIFT_VERSION = 5.0;
				TARGETED_DEVICE_FAMILY = "1,2";
			};
			name = Debug;
		};
		CEAB31BF300D25C30024FB8E /* Release */ = {
			isa = XCBuildConfiguration;
			buildSettings = {
				ASSETCATALOG_COMPILER_APPICON_NAME = AppIcon;
				ASSETCATALOG_COMPILER_GLOBAL_ACCENT_COLOR_NAME = AccentColor;
				CODE_SIGN_STYLE = Automatic;
				CURRENT_PROJECT_VERSION = 1;
				DEVELOPMENT_ASSET_PATHS = "\"picsync/Preview Content\"";
				DEVELOPMENT_TEAM = "";
				ENABLE_PREVIEWS = YES;
				GENERATE_INFOPLIST_FILE = YES;
				INFOPLIST_KEY_NSLocalNetworkUsageDescription = "PicSync connects to your SMB server on the local network to copy original photos and videos.";
				INFOPLIST_KEY_NSPhotoLibraryUsageDescription = "PicSync reads the photos and videos you select so it can copy their original resources to your SMB server.";
				INFOPLIST_KEY_UIApplicationSceneManifest_Generation = YES;
				INFOPLIST_KEY_UIApplicationSupportsIndirectInputEvents = YES;
				INFOPLIST_KEY_UILaunchScreen_Generation = YES;
				INFOPLIST_KEY_UISupportedInterfaceOrientations_iPad = "UIInterfaceOrientationPortrait UIInterfaceOrientationPortraitUpsideDown UIInterfaceOrientationLandscapeLeft UIInterfaceOrientationLandscapeRight";
				INFOPLIST_KEY_UISupportedInterfaceOrientations_iPhone = "UIInterfaceOrientationPortrait UIInterfaceOrientationLandscapeLeft UIInterfaceOrientationLandscapeRight";
				LD_RUNPATH_SEARCH_PATHS = (
					"$(inherited)",
					"@executable_path/Frameworks",
				);
				MARKETING_VERSION = 1.0;
				PRODUCT_BUNDLE_IDENTIFIER = com.example.picsync;
				PRODUCT_NAME = "$(TARGET_NAME)";
				SWIFT_EMIT_LOC_STRINGS = YES;
				SWIFT_VERSION = 5.0;
				TARGETED_DEVICE_FAMILY = "1,2";
			};
			name = Release;
		};
		CEAB31C1300D25C30024FB8E /* Debug */ = {
			isa = XCBuildConfiguration;
			buildSettings = {
				BUNDLE_LOADER = "$(TEST_HOST)";
				CODE_SIGN_STYLE = Automatic;
				CURRENT_PROJECT_VERSION = 1;
				GENERATE_INFOPLIST_FILE = YES;
				IPHONEOS_DEPLOYMENT_TARGET = 18.2;
				MARKETING_VERSION = 1.0;
				PRODUCT_BUNDLE_IDENTIFIER = com.example.picsyncTests;
				PRODUCT_NAME = "$(TARGET_NAME)";
				SWIFT_EMIT_LOC_STRINGS = NO;
				SWIFT_VERSION = 5.0;
				TARGETED_DEVICE_FAMILY = "1,2";
				TEST_HOST = "$(BUILT_PRODUCTS_DIR)/picsync.app/$(BUNDLE_EXECUTABLE_FOLDER_PATH)/picsync";
			};
			name = Debug;
		};
		CEAB31C2300D25C30024FB8E /* Release */ = {
			isa = XCBuildConfiguration;
			buildSettings = {
				BUNDLE_LOADER = "$(TEST_HOST)";
				CODE_SIGN_STYLE = Automatic;
				CURRENT_PROJECT_VERSION = 1;
				GENERATE_INFOPLIST_FILE = YES;
				IPHONEOS_DEPLOYMENT_TARGET = 18.2;
				MARKETING_VERSION = 1.0;
				PRODUCT_BUNDLE_IDENTIFIER = com.example.picsyncTests;
				PRODUCT_NAME = "$(TARGET_NAME)";
				SWIFT_EMIT_LOC_STRINGS = NO;
				SWIFT_VERSION = 5.0;
				TARGETED_DEVICE_FAMILY = "1,2";
				TEST_HOST = "$(BUILT_PRODUCTS_DIR)/picsync.app/$(BUNDLE_EXECUTABLE_FOLDER_PATH)/picsync";
			};
			name = Release;
		};
		CEAB31C4300D25C30024FB8E /* Debug */ = {
			isa = XCBuildConfiguration;
			buildSettings = {
				CODE_SIGN_STYLE = Automatic;
				CURRENT_PROJECT_VERSION = 1;
				GENERATE_INFOPLIST_FILE = YES;
				MARKETING_VERSION = 1.0;
				PRODUCT_BUNDLE_IDENTIFIER = com.example.picsyncUITests;
				PRODUCT_NAME = "$(TARGET_NAME)";
				SWIFT_EMIT_LOC_STRINGS = NO;
				SWIFT_VERSION = 5.0;
				TARGETED_DEVICE_FAMILY = "1,2";
				TEST_TARGET_NAME = picsync;
			};
			name = Debug;
		};
		CEAB31C5300D25C30024FB8E /* Release */ = {
			isa = XCBuildConfiguration;
			buildSettings = {
				CODE_SIGN_STYLE = Automatic;
				CURRENT_PROJECT_VERSION = 1;
				GENERATE_INFOPLIST_FILE = YES;
				MARKETING_VERSION = 1.0;
				PRODUCT_BUNDLE_IDENTIFIER = com.example.picsyncUITests;
				PRODUCT_NAME = "$(TARGET_NAME)";
				SWIFT_EMIT_LOC_STRINGS = NO;
				SWIFT_VERSION = 5.0;
				TARGETED_DEVICE_FAMILY = "1,2";
				TEST_TARGET_NAME = picsync;
			};
			name = Release;
		};
/* End XCBuildConfiguration section */

/* Begin XCConfigurationList section */
		CEAB3194300D25C30024FB8E /* Build configuration list for PBXProject "picsync" */ = {
			isa = XCConfigurationList;
			buildConfigurations = (
				CEAB31BB300D25C30024FB8E /* Debug */,
				CEAB31BC300D25C30024FB8E /* Release */,
			);
			defaultConfigurationIsVisible = 0;
			defaultConfigurationName = Release;
		};
		CEAB31BD300D25C30024FB8E /* Build configuration list for PBXNativeTarget "picsync" */ = {
			isa = XCConfigurationList;
			buildConfigurations = (
				CEAB31BE300D25C30024FB8E /* Debug */,
				CEAB31BF300D25C30024FB8E /* Release */,
			);
			defaultConfigurationIsVisible = 0;
			defaultConfigurationName = Release;
		};
		CEAB31C0300D25C30024FB8E /* Build configuration list for PBXNativeTarget "picsyncTests" */ = {
			isa = XCConfigurationList;
			buildConfigurations = (
				CEAB31C1300D25C30024FB8E /* Debug */,
				CEAB31C2300D25C30024FB8E /* Release */,
			);
			defaultConfigurationIsVisible = 0;
			defaultConfigurationName = Release;
		};
		CEAB31C3300D25C30024FB8E /* Build configuration list for PBXNativeTarget "picsyncUITests" */ = {
			isa = XCConfigurationList;
			buildConfigurations = (
				CEAB31C4300D25C30024FB8E /* Debug */,
				CEAB31C5300D25C30024FB8E /* Release */,
			);
			defaultConfigurationIsVisible = 0;
			defaultConfigurationName = Release;
		};
/* End XCConfigurationList section */
	};
	rootObject = CEAB3191300D25C30024FB8E /* Project object */;
}
