{
  "lockfileVersion": 2,
  "configVersion": 1,
  "workspaces": {
    "": {
      "name": "vivari-ripgrep-packaging",
      "dependencies": {
        "ripgrep": "0.3.1",
        "which": "6.0.1",
      },
    },
  },
  "packages": {
    "isexe": ["isexe@4.0.0", "", {}, "sha512-FFUtZMpoZ8RqHS3XeXEmHWLA4thH+ZxCv2lOiPIn1Xc7CxrqhWzNSDzD+/chS/zbYezmiwWLdQC09JdQKmthOw=="],

    "ripgrep": ["ripgrep@0.3.1", "", { "bin": { "rg": "lib/rg.mjs", "ripgrep": "lib/rg.mjs" } }, "sha512-6bDtNIBh1qPviVIU685/4uv0Ap5t8eS4wiJhy/tR2LdIeIey9CVasENlGS+ul3HnTmGANIp7AjnfsztsRmALfQ=="],

    "which": ["which@6.0.1", "", { "dependencies": { "isexe": "^4.0.0" }, "bin": { "node-which": "bin/which.js" } }, "sha512-oGLe46MIrCRqX7ytPUf66EAYvdeMIZYn3WaocqqKZAxrBpkqHfL/qvTyJ/bTk5+AqHCjXmrv3CEWgy368zhRUg=="],
  }
}
